// !$*UTF8*$!
{
	archiveVersion = 1;
	classes = {
	};
	objectVersion = 46;
	objects = {

/* Begin PBXBuildFile section */
		DD1712441BD0227800B3E44E /* TriangleView.swift in Sources */ = {isa = PBXBuildFile; fileRef = DD1712431BD0227800B3E44E /* TriangleView.swift */; settings = {ASSET_TAGS = (); }; };
		DDEB0DF11BC5A80E009E0B90 /* AppDelegate.swift in Sources */ = {isa = PBXBuildFile; fileRef = DDEB0DF01BC5A80E009E0B90 /* AppDelegate.swift */; };
		DDEB0DF81BC5A80E009E0B90 /* Assets.xcassets in Resources */ = {isa = PBXBuildFile; fileRef = DDEB0DF71BC5A80E009E0B90 /* Assets.xcassets */; };
		DDEB0DFB1BC5A80E009E0B90 /* LaunchScreen.storyboard in Resources */ = {isa = PBXBuildFile; fileRef = DDEB0DF91BC5A80E009E0B90 /* LaunchScreen.storyboard */; };
		DDEB0E061BC5A80E009E0B90 /* Project32Tests.swift in Sources */ = {isa = PBXBuildFile; fileRef = DDEB0E051BC5A80E009E0B90 /* Project32Tests.swift */; };
		DDEB0E111BC5A80E009E0B90 /* Project32UITests.swift in Sources */ = {isa = PBXBuildFile; fileRef = DDEB0E101BC5A80E009E0B90 /* Project32UITests.swift */; };
		DDEB0E211BC5A843009E0B90 /* ViewController.swift in Sources */ = {isa = PBXBuildFile; fileRef = DDEB0E1E1BC5A843009E0B90 /* ViewController.swift */; settings = {ASSET_TAGS = (); }; };
		DDEB0E221BC5A843009E0B90 /* Main.storyboard in Resources */ = {isa = PBXBuildFile; fileRef = DDEB0E1F1BC5A843009E0B90 /* Main.storyboard */; settings = {ASSET_TAGS = (); }; };
		DDEB0E231BC5A843009E0B90 /* ShapeViewController.swift in Sources */ = {isa = PBXBuildFile; fileRef = DDEB0E201BC5A843009E0B90 /* ShapeViewController.swift */; settings = {ASSET_TAGS = (); }; };
		DDEB0E251BC5AEEC009E0B90 /* RandomBackgroundViewController.swift in Sources */ = {isa = PBXBuildFile; fileRef = DDEB0E241BC5AEEC009E0B90 /* RandomBackgroundViewController.swift */; settings = {ASSET_TAGS = (); }; };
/* End PBXBuildFile section */

/* Begin PBXContainerItemProxy section */
		DDEB0E021BC5A80E009E0B90 /* PBXContainerItemProxy */ = {
			isa = PBXContainerItemProxy;
			containerPortal = DDEB0DE51BC5A80E009E0B90 /* Project object */;
			proxyType = 1;
			remoteGlobalIDString = DDEB0DEC1BC5A80E009E0B90;
			remoteInfo = Project32;
		};
		DDEB0E0D1BC5A80E009E0B90 /* PBXContainerItemProxy */ = {
			isa = PBXContainerItemProxy;
			containerPortal = DDEB0DE51BC5A80E009E0B90 /* Project object */;
			proxyType = 1;
			remoteGlobalIDString = DDEB0DEC1BC5A80E009E0B90;
			remoteInfo = Project32;
		};
/* End PBXContainerItemProxy section */

/* Begin PBXFileReference section */
		DD1712431BD0227800B3E44E /* TriangleView.swift */ = {isa = PBXFileReference; fileEncoding = 4; lastKnownFileType = sourcecode.swift; path = TriangleView.swift; sourceTree = "<group>"; };
		DDEB0DED1BC5A80E009E0B90 /* Project32.app */ = {isa = PBXFileReference; explicitFileType = wrapper.application; includeInIndex = 0; path = Project32.app; sourceTree = BUILT_PRODUCTS_DIR; };
		DDEB0DF01BC5A80E009E0B90 /* AppDelegate.swift */ = {isa = PBXFileReference; lastKnownFileType = sourcecode.swift; path = AppDelegate.swift; sourceTree = "<group>"; };
		DDEB0DF71BC5A80E009E0B90 /* Assets.xcassets */ = {isa = PBXFileReference; lastKnownFileType = folder.assetcatalog; path = Assets.xcassets; sourceTree = "<group>"; };
		DDEB0DFA1BC5A80E009E0B90 /* Base */ = {isa = PBXFileReference; lastKnownFileType = file.storyboard; name = Base; path = Base.lproj/LaunchScreen.storyboard; sourceTree = "<group>"; };
		DDEB0DFC1BC5A80E009E0B90 /* Info.plist */ = {isa = PBXFileReference; lastKnownFileType = text.plist.xml; path = Info.plist; sourceTree = "<group>"; };
		DDEB0E011BC5A80E009E0B90 /* Project32Tests.xctest */ = {isa = PBXFileReference; explicitFileType = wrapper.cfbundle; includeInIndex = 0; path = Project32Tests.xctest; sourceTree = BUILT_PRODUCTS_DIR; };
		DDEB0E051BC5A80E009E0B90 /* Project32Tests.swift */ = {isa = PBXFileReference; lastKnownFileType = sourcecode.swift; path = Project32Tests.swift; sourceTree = "<group>"; };
		DDEB0E071BC5A80E009E0B90 /* Info.plist */ = {isa = PBXFileReference; lastKnownFileType = text.plist.xml; path = Info.plist; sourceTree = "<group>"; };
		DDEB0E0C1BC5A80E009E0B90 /* Project32UITests.xctest */ = {isa = PBXFileReference; explicitFileType = wrapper.cfbundle; includeInIndex = 0; path = Project32UITests.xctest; sourceTree = BUILT_PRODUCTS_DIR; };
		DDEB0E101BC5A80E009E0B90 /* Project32UITests.swift */ = {isa = PBXFileReference; lastKnownFileType = sourcecode.swift; path = Project32UITests.swift; sourceTree = "<group>"; };
		DDEB0E121BC5A80E009E0B90 /* Info.plist */ = {isa = PBXFileReference; lastKnownFileType = text.plist.xml; path = Info.plist; sourceTree = "<group>"; };
		DDEB0E1E1BC5A843009E0B90 /* ViewController.swift */ = {isa = PBXFileReference; fileEncoding = 4; lastKnownFileType = sourcecode.swift; path = ViewController.swift; sourceTree = "<group>"; };
		DDEB0E1F1BC5A843009E0B90 /* Main.storyboard */ = {isa = PBXFileReference; fileEncoding = 4; lastKnownFileType = file.storyboard; path = Main.storyboard; sourceTree = "<group>"; };
		DDEB0E201BC5A843009E0B90 /* ShapeViewController.swift */ = {isa = PBXFileReference; fileEncoding = 4; lastKnownFileType = sourcecode.swift; path = ShapeViewController.swift; sourceTree = "<group>"; };
		DDEB0E241BC5AEEC009E0B90 /* RandomBackgroundViewController.swift */ = {isa = PBXFileReference; fileEncoding = 4; lastKnownFileType = sourcecode.swift; path = RandomBackgroundViewController.swift; sourceTree = "<group>"; };
/* End PBXFileReference section */

/* Begin PBXFrameworksBuildPhase section */
		DDEB0DEA1BC5A80E009E0B90 /* Frameworks */ = {
			isa = PBXFrameworksBuildPhase;
			buildActionMask = 2147483647;
			files = (
			);
			runOnlyForDeploymentPostprocessing = 0;
		};
		DDEB0DFE1BC5A80E009E0B90 /* Frameworks */ = {
			isa = PBXFrameworksBuildPhase;
			buildActionMask = 2147483647;
			files = (
			);
			runOnlyForDeploymentPostprocessing = 0;
		};
		DDEB0E091BC5A80E009E0B90 /* Frameworks */ = {
			isa = PBXFrameworksBuildPhase;
			buildActionMask = 2147483647;
			files = (
			);
			runOnlyForDeploymentPostprocessing = 0;
		};
/* End PBXFrameworksBuildPhase section */

/* Begin PBXGroup section */
		DDEB0DE41BC5A80E009E0B90 = {
			isa = PBXGroup;
			children = (
				DDEB0DEF1BC5A80E009E0B90 /* Project32 */,
				DDEB0E041BC5A80E009E0B90 /* Project32Tests */,
				DDEB0E0F1BC5A80E009E0B90 /* Project32UITests */,
				DDEB0DEE1BC5A80E009E0B90 /* Products */,
			);
			sourceTree = "<group>";
		};
		DDEB0DEE1BC5A80E009E0B90 /* Products */ = {
			isa = PBXGroup;
			children = (
				DDEB0DED1BC5A80E009E0B90 /* Project32.app */,
				DDEB0E011BC5A80E009E0B90 /* Project32Tests.xctest */,
				DDEB0E0C1BC5A80E009E0B90 /* Project32UITests.xctest */,
			);
			name = Products;
			sourceTree = "<group>";
		};
		DDEB0DEF1BC5A80E009E0B90 /* Project32 */ = {
			isa = PBXGroup;
			children = (
				DDEB0DF01BC5A80E009E0B90 /* AppDelegate.swift */,
				DDEB0E1E1BC5A843009E0B90 /* ViewController.swift */,
				DDEB0E1F1BC5A843009E0B90 /* Main.storyboard */,
				DDEB0E201BC5A843009E0B90 /* ShapeViewController.swift */,
				DDEB0E241BC5AEEC009E0B90 /* RandomBackgroundViewController.swift */,
				DDEB0DF71BC5A80E009E0B90 /* Assets.xcassets */,
				DDEB0DF91BC5A80E009E0B90 /* LaunchScreen.storyboard */,
				DDEB0DFC1BC5A80E009E0B90 /* Info.plist */,
				DD1712431BD0227800B3E44E /* TriangleView.swift */,
			);
			path = Project32;
			sourceTree = "<group>";
		};
		DDEB0E041BC5A80E009E0B90 /* Project32Tests */ = {
			isa = PBXGroup;
			children = (
				DDEB0E051BC5A80E009E0B90 /* Project32Tests.swift */,
				DDEB0E071BC5A80E009E0B90 /* Info.plist */,
			);
			path = Project32Tests;
			sourceTree = "<group>";
		};
		DDEB0E0F1BC5A80E009E0B90 /* Project32UITests */ = {
			isa = PBXGroup;
			children = (
				DDEB0E101BC5A80E009E0B90 /* Project32UITests.swift */,
				DDEB0E121BC5A80E009E0B90 /* Info.plist */,
			);
			path = Project32UITests;
			sourceTree = "<group>";
		};
/* End PBXGroup section */

/* Begin PBXNativeTarget section */
		DDEB0DEC1BC5A80E009E0B90 /* Project32 */ = {
			isa = PBXNativeTarget;
			buildConfigurationList = DDEB0E151BC5A80E009E0B90 /* Build configuration list for PBXNativeTarget "Project32" */;
			buildPhases = (
				DDEB0DE91BC5A80E009E0B90 /* Sources */,
				DDEB0DEA1BC5A80E009E0B90 /* Frameworks */,
				DDEB0DEB1BC5A80E009E0B90 /* Resources */,
			);
			buildRules = (
			);
			dependencies = (
			);
			name = Project32;
			productName = Project32;
			productReference = DDEB0DED1BC5A80E009E0B90 /* Project32.app */;
			productType = "com.apple.product-type.application";
		};
		DDEB0E001BC5A80E009E0B90 /* Project32Tests */ = {
			isa = PBXNativeTarget;
			buildConfigurationList = DDEB0E181BC5A80E009E0B90 /* Build configuration list for PBXNativeTarget "Project32Tests" */;
			buildPhases = (
				DDEB0DFD1BC5A80E009E0B90 /* Sources */,
				DDEB0DFE1BC5A80E009E0B90 /* Frameworks */,
				DDEB0DFF1BC5A80E009E0B90 /* Resources */,
			);
			buildRules = (
			);
			dependencies = (
				DDEB0E031BC5A80E009E0B90 /* PBXTargetDependency */,
			);
			name = Project32Tests;
			productName = Project32Tests;
			productReference = DDEB0E011BC5A80E009E0B90 /* Project32Tests.xctest */;
			productType = "com.apple.product-type.bundle.unit-test";
		};
		DDEB0E0B1BC5A80E009E0B90 /* Project32UITests */ = {
			isa = PBXNativeTarget;
			buildConfigurationList = DDEB0E1B1BC5A80E009E0B90 /* Build configuration list for PBXNativeTarget "Project32UITests" */;
			buildPhases = (
				DDEB0E081BC5A80E009E0B90 /* Sources */,
				DDEB0E091BC5A80E009E0B90 /* Frameworks */,
				DDEB0E0A1BC5A80E009E0B90 /* Resources */,
			);
			buildRules = (
			);
			dependencies = (
				DDEB0E0E1BC5A80E009E0B90 /* PBXTargetDependency */,
			);
			name = Project32UITests;
			productName = Project32UITests;
			productReference = DDEB0E0C1BC5A80E009E0B90 /* Project32UITests.xctest */;
			productType = "com.apple.product-type.bundle.ui-testing";
		};
/* End PBXNativeTarget section */

/* Begin PBXProject section */
		DDEB0DE51BC5A80E009E0B90 /* Project object */ = {
			isa = PBXProject;
			attributes = {
				LastUpgradeCheck = 0700;
				ORGANIZATIONNAME = "Monica Ong";
				TargetAttributes = {
					DDEB0DEC1BC5A80E009E0B90 = {
						CreatedOnToolsVersion = 7.0;
					};
					DDEB0E001BC5A80E009E0B90 = {
						CreatedOnToolsVersion = 7.0;
						TestTargetID = DDEB0DEC1BC5A80E009E0B90;
					};
					DDEB0E0B1BC5A80E009E0B90 = {
						CreatedOnToolsVersion = 7.0;
						TestTargetID = DDEB0DEC1BC5A80E009E0B90;
					};
				};
			};
			buildConfigurationList = DDEB0DE81BC5A80E009E0B90 /* Build configuration list for PBXProject "Project32" */;
			compatibilityVersion = "Xcode 3.2";
			developmentRegion = English;
			hasScannedForEncodings = 0;
			knownRegions = (
				en,
				Base,
			);
			mainGroup = DDEB0DE41BC5A80E009E0B90;
			productRefGroup = DDEB0DEE1BC5A80E009E0B90 /* Products */;
			projectDirPath = "";
			projectRoot = "";
			targets = (
				DDEB0DEC1BC5A80E009E0B90 /* Project32 */,
				DDEB0E001BC5A80E009E0B90 /* Project32Tests */,
				DDEB0E0B1BC5A80E009E0B90 /* Project32UITests */,
			);
		};
/* End PBXProject section */

/* Begin PBXResourcesBuildPhase section */
		DDEB0DEB1BC5A80E009E0B90 /* Resources */ = {
			isa = PBXResourcesBuildPhase;
			buildActionMask = 2147483647;
			files = (
				DDEB0E221BC5A843009E0B90 /* Main.storyboard in Resources */,
				DDEB0DFB1BC5A80E009E0B90 /* LaunchScreen.storyboard in Resources */,
				DDEB0DF81BC5A80E009E0B90 /* Assets.xcassets in Resources */,
			);
			runOnlyForDeploymentPostprocessing = 0;
		};
		DDEB0DFF1BC5A80E009E0B90 /* Resources */ = {
			isa = PBXResourcesBuildPhase;
			buildActionMask = 2147483647;
			files = (
			);
			runOnlyForDeploymentPostprocessing = 0;
		};
		DDEB0E0A1BC5A80E009E0B90 /* Resources */ = {
			isa = PBXResourcesBuildPhase;
			buildActionMask = 2147483647;
			files = (
			);
			runOnlyForDeploymentPostprocessing = 0;
		};
/* End PBXResourcesBuildPhase section */

/* Begin PBXSourcesBuildPhase section */
		DDEB0DE91BC5A80E009E0B90 /* Sources */ = {
			isa = PBXSourcesBuildPhase;
			buildActionMask = 2147483647;
			files = (
				DD1712441BD0227800B3E44E /* TriangleView.swift in Sources */,
				DDEB0E211BC5A843009E0B90 /* ViewController.swift in Sources */,
				DDEB0E231BC5A843009E0B90 /* ShapeViewController.swift in Sources */,
				DDEB0DF11BC5A80E009E0B90 /* AppDelegate.swift in Sources */,
				DDEB0E251BC5AEEC009E0B90 /* RandomBackgroundViewController.swift in Sources */,
			);
			runOnlyForDeploymentPostprocessing = 0;
		};
		DDEB0DFD1BC5A80E009E0B90 /* Sources */ = {
			isa = PBXSourcesBuildPhase;
			buildActionMask = 2147483647;
			files = (
				DDEB0E061BC5A80E009E0B90 /* Project32Tests.swift in Sources */,
			);
			runOnlyForDeploymentPostprocessing = 0;
		};
		DDEB0E081BC5A80E009E0B90 /* Sources */ = {
			isa = PBXSourcesBuildPhase;
			buildActionMask = 2147483647;
			files = (
				DDEB0E111BC5A80E009E0B90 /* Project32UITests.swift in Sources */,
			);
			runOnlyForDeploymentPostprocessing = 0;
		};
/* End PBXSourcesBuildPhase section */

/* Begin PBXTargetDependency section */
		DDEB0E031BC5A80E009E0B90 /* PBXTargetDependency */ = {
			isa = PBXTargetDependency;
			target = DDEB0DEC1BC5A80E009E0B90 /* Project32 */;
			targetProxy = DDEB0E021BC5A80E009E0B90 /* PBXContainerItemProxy */;
		};
		DDEB0E0E1BC5A80E009E0B90 /* PBXTargetDependency */ = {
			isa = PBXTargetDependency;
			target = DDEB0DEC1BC5A80E009E0B90 /* Project32 */;
			targetProxy = DDEB0E0D1BC5A80E009E0B90 /* PBXContainerItemProxy */;
		};
/* End PBXTargetDependency section */

/* Begin PBXVariantGroup section */
		DDEB0DF91BC5A80E009E0B90 /* LaunchScreen.storyboard */ = {
			isa = PBXVariantGroup;
			children = (
				DDEB0DFA1BC5A80E009E0B90 /* Base */,
			);
			name = LaunchScreen.storyboard;
			sourceTree = "<group>";
		};
/* End PBXVariantGroup section */

/* Begin XCBuildConfiguration section */
		DDEB0E131BC5A80E009E0B90 /* Debug */ = {
			isa = XCBuildConfiguration;
			buildSettings = {
				ALWAYS_SEARCH_USER_PATHS = NO;
				CLANG_CXX_LANGUAGE_STANDARD = "gnu++0x";
				CLANG_CXX_LIBRARY = "libc++";
				CLANG_ENABLE_MODULES = YES;
				CLANG_ENABLE_OBJC_ARC = YES;
				CLANG_WARN_BOOL_CONVERSION = YES;
				CLANG_WARN_CONSTANT_CONVERSION = YES;
				CLANG_WARN_DIRECT_OBJC_ISA_USAGE = YES_ERROR;
				CLANG_WARN_EMPTY_BODY = YES;
				CLANG_WARN_ENUM_CONVERSION = YES;
				CLANG_WARN_INT_CONVERSION = YES;
				CLANG_WARN_OBJC_ROOT_CLASS = YES_ERROR;
				CLANG_WARN_UNREACHABLE_CODE = YES;
				CLANG_WARN__DUPLICATE_METHOD_MATCH = YES;
				"CODE_SIGN_IDENTITY[sdk=iphoneos*]" = "iPhone Developer";
				COPY_PHASE_STRIP = NO;
				DEBUG_INFORMATION_FORMAT = dwarf;
				ENABLE_STRICT_OBJC_MSGSEND = YES;
				ENABLE_TESTABILITY = YES;
				GCC_C_LANGUAGE_STANDARD = gnu99;
				GCC_DYNAMIC_NO_PIC = NO;
				GCC_NO_COMMON_BLOCKS = YES;
				GCC_OPTIMIZATION_LEVEL = 0;
				GCC_PREPROCESSOR_DEFINITIONS = (
					"DEBUG=1",
					"$(inherited)",
				);
				GCC_WARN_64_TO_32_BIT_CONVERSION = YES;
				GCC_WARN_ABOUT_RETURN_TYPE = YES_ERROR;
				GCC_WARN_UNDECLARED_SELECTOR = YES;
				GCC_WARN_UNINITIALIZED_AUTOS = YES_AGGRESSIVE;
				GCC_WARN_UNUSED_FUNCTION = YES;
				GCC_WARN_UNUSED_VARIABLE = YES;
				IPHONEOS_DEPLOYMENT_TARGET = 9.0;
				MTL_ENABLE_DEBUG_INFO = YES;
				ONLY_ACTIVE_ARCH = YES;
				SDKROOT = iphoneos;
				SWIFT_OPTIMIZATION_LEVEL = "-Onone";
			};
			name = Debug;
		};
		DDEB0E141BC5A80E009E0B90 /* Release */ = {
			isa = XCBuildConfiguration;
			buildSettings = {
				ALWAYS_SEARCH_USER_PATHS = NO;
				CLANG_CXX_LANGUAGE_STANDARD = "gnu++0x";
				CLANG_CXX_LIBRARY = "libc++";
				CLANG_ENABLE_MODULES = YES;
				CLANG_ENABLE_OBJC_ARC = YES;
				CLANG_WARN_BOOL_CONVERSION = YES;
				CLANG_WARN_CONSTANT_CONVERSION = YES;
				CLANG_WARN_DIRECT_OBJC_ISA_USAGE = YES_ERROR;
				CLANG_WARN_EMPTY_BODY = YES;
				CLANG_WARN_ENUM_CONVERSION = YES;
				CLANG_WARN_INT_CONVERSION = YES;
				CLANG_WARN_OBJC_ROOT_CLASS = YES_ERROR;
				CLANG_WARN_UNREACHABLE_CODE = YES;
				CLANG_WARN__DUPLICATE_METHOD_MATCH = YES;
				"CODE_SIGN_IDENTITY[sdk=iphoneos*]" = "iPhone Developer";
				COPY_PHASE_STRIP = NO;
				DEBUG_INFORMATION_FORMAT = "dwarf-with-dsym";
				ENABLE_NS_ASSERTIONS = NO;
				ENABLE_STRICT_OBJC_MSGSEND = YES;
				GCC_C_LANGUAGE_STANDARD = gnu99;
				GCC_NO_COMMON_BLOCKS = YES;
				GCC_WARN_64_TO_32_BIT_CONVERSION = YES;
				GCC_WARN_ABOUT_RETURN_TYPE = YES_ERROR;
				GCC_WARN_UNDECLARED_SELECTOR = YES;
				GCC_WARN_UNINITIALIZED_AUTOS = YES_AGGRESSIVE;
				GCC_WARN_UNUSED_FUNCTION = YES;
				GCC_WARN_UNUSED_VARIABLE = YES;
				IPHONEOS_DEPLOYMENT_TARGET = 9.0;
				MTL_ENABLE_DEBUG_INFO = NO;
				SDKROOT = iphoneos;
				VALIDATE_PRODUCT = YES;
			};
			name = Release;
		};
		DDEB0E161BC5A80E009E0B90 /* Debug */ = {
			isa = XCBuildConfiguration;
			buildSettings = {
				ASSETCATALOG_COMPILER_APPICON_NAME = AppIcon;
				INFOPLIST_FILE = Project32/Info.plist;
				LD_RUNPATH_SEARCH_PATHS = "$(inherited) @executable_path/Frameworks";
				PRODUCT_BUNDLE_IDENTIFIER = "Monica-Ong.Project32";
				PRODUCT_NAME = "$(TARGET_NAME)";
			};
			name = Debug;
		};
		DDEB0E171BC5A80E009E0B90 /* Release */ = {
			isa = XCBuildConfiguration;
			buildSettings = {
				ASSETCATALOG_COMPILER_APPICON_NAME = AppIcon;
				INFOPLIST_FILE = Project32/Info.plist;
				LD_RUNPATH_SEARCH_PATHS = "$(inherited) @executable_path/Frameworks";
				PRODUCT_BUNDLE_IDENTIFIER = "Monica-Ong.Project32";
				PRODUCT_NAME = "$(TARGET_NAME)";
			};
			name = Release;
		};
		DDEB0E191BC5A80E009E0B90 /* Debug */ = {
			isa = XCBuildConfiguration;
			buildSettings = {
				BUNDLE_LOADER = "$(TEST_HOST)";
				INFOPLIST_FILE = Project32Tests/Info.plist;
				LD_RUNPATH_SEARCH_PATHS = "$(inherited) @executable_path/Frameworks @loader_path/Frameworks";
				PRODUCT_BUNDLE_IDENTIFIER = "Monica-Ong.Project32Tests";
				PRODUCT_NAME = "$(TARGET_NAME)";
				TEST_HOST = "$(BUILT_PRODUCTS_DIR)/Project32.app/Project32";
			};
			name = Debug;
		};
		DDEB0E1A1BC5A80E009E0B90 /* Release */ = {
			isa = XCBuildConfiguration;
			buildSettings = {
				BUNDLE_LOADER = "$(TEST_HOST)";
				INFOPLIST_FILE = Project32Tests/Info.plist;
				LD_RUNPATH_SEARCH_PATHS = "$(inherited) @executable_path/Frameworks @loader_path/Frameworks";
				PRODUCT_BUNDLE_IDENTIFIER = "Monica-Ong.Project32Tests";
				PRODUCT_NAME = "$(TARGET_NAME)";
				TEST_HOST = "$(BUILT_PRODUCTS_DIR)/Project32.app/Project32";
			};
			name = Release;
		};
		DDEB0E1C1BC5A80E009E0B90 /* Debug */ = {
			isa = XCBuildConfiguration;
			buildSettings = {
				INFOPLIST_FILE = Project32UITests/Info.plist;
				LD_RUNPATH_SEARCH_PATHS = "$(inherited) @executable_path/Frameworks @loader_path/Frameworks";
				PRODUCT_BUNDLE_IDENTIFIER = "Monica-Ong.Project32UITests";
				PRODUCT_NAME = "$(TARGET_NAME)";
				TEST_TARGET_NAME = Project32;
				USES_XCTRUNNER = YES;
			};
			name = Debug;
		};
		DDEB0E1D1BC5A80E009E0B90 /* Release */ = {
			isa = XCBuildConfiguration;
			buildSettings = {
				INFOPLIST_FILE = Project32UITests/Info.plist;
				LD_RUNPATH_SEARCH_PATHS = "$(inherited) @executable_path/Frameworks @loader_path/Frameworks";
				PRODUCT_BUNDLE_IDENTIFIER = "Monica-Ong.Project32UITests";
				PRODUCT_NAME = "$(TARGET_NAME)";
				TEST_TARGET_NAME = Project32;
				USES_XCTRUNNER = YES;
			};
			name = Release;
		};
/* End XCBuildConfiguration section */

/* Begin XCConfigurationList section */
		DDEB0DE81BC5A80E009E0B90 /* Build configuration list for PBXProject "Project32" */ = {
			isa = XCConfigurationList;
			buildConfigurations = (
				DDEB0E131BC5A80E009E0B90 /* Debug */,
				DDEB0E141BC5A80E009E0B90 /* Release */,
			);
			defaultConfigurationIsVisible = 0;
			defaultConfigurationName = Release;
		};
		DDEB0E151BC5A80E009E0B90 /* Build configuration list for PBXNativeTarget "Project32" */ = {
			isa = XCConfigurationList;
			buildConfigurations = (
				DDEB0E161BC5A80E009E0B90 /* Debug */,
				DDEB0E171BC5A80E009E0B90 /* Release */,
			);
			defaultConfigurationIsVisible = 0;
			defaultConfigurationName = Release;
		};
		DDEB0E181BC5A80E009E0B90 /* Build configuration list for PBXNativeTarget "Project32Tests" */ = {
			isa = XCConfigurationList;
			buildConfigurations = (
				DDEB0E191BC5A80E009E0B90 /* Debug */,
				DDEB0E1A1BC5A80E009E0B90 /* Release */,
			);
			defaultConfigurationIsVisible = 0;
			defaultConfigurationName = Release;
		};
		DDEB0E1B1BC5A80E009E0B90 /* Build configuration list for PBXNativeTarget "Project32UITests" */ = {
			isa = XCConfigurationList;
			buildConfigurations = (
				DDEB0E1C1BC5A80E009E0B90 /* Debug */,
				DDEB0E1D1BC5A80E009E0B90 /* Release */,
			);
			defaultConfigurationIsVisible = 0;
			defaultConfigurationName = Release;
		};
/* End XCConfigurationList section */
	};
	rootObject = DDEB0DE51BC5A80E009E0B90 /* Project object */;
}
